// !$*UTF8*$!
{
	archiveVersion = 1;
	classes = {
	};
	objectVersion = 56;
	objects = {

/* Begin PBXBuildFile section */
		01761FBB2CD048E3001791B3 /* Preview Assets.xcassets in Resources */ = {isa = PBXBuildFile; fileRef = 01761FB92CD048E3001791B3 /* Preview Assets.xcassets */; };
		01761FBF2CD05E42001791B3 /* ErrorView.swift in Sources */ = {isa = PBXBuildFile; fileRef = 01761FBE2CD05E42001791B3 /* ErrorView.swift */; };
		01761FC12CD05E5D001791B3 /* EmptyStateView.swift in Sources */ = {isa = PBXBuildFile; fileRef = 01761FC02CD05E5D001791B3 /* EmptyStateView.swift */; };
		01761FC32CD05E88001791B3 /* RecipeError.swift in Sources */ = {isa = PBXBuildFile; fileRef = 01761FC22CD05E88001791B3 /* RecipeError.swift */; };
		01761FC52CD05E98001791B3 /* RecipeDataSource.swift in Sources */ = {isa = PBXBuildFile; fileRef = 01761FC42CD05E98001791B3 /* RecipeDataSource.swift */; };
		01761FC92CD06014001791B3 /* YouTubePlayerKit in Frameworks */ = {isa = PBXBuildFile; productRef = 01761FC82CD06014001791B3 /* YouTubePlayerKit */; };
		01761FCB2CD0904E001791B3 /* CuisineFilterView.swift in Sources */ = {isa = PBXBuildFile; fileRef = 01761FCA2CD0904E001791B3 /* CuisineFilterView.swift */; };
		01761FD22CD1310B001791B3 /* SDWebImageSwiftUI in Frameworks */ = {isa = PBXBuildFile; productRef = 01761FD12CD1310B001791B3 /* SDWebImageSwiftUI */; };
		01761FD72CD136C7001791B3 /* RecipeListView.swift in Sources */ = {isa = PBXBuildFile; fileRef = 01761FD62CD136C7001791B3 /* RecipeListView.swift */; };
		01761FD92CD19C86001791B3 /* Assets.xcassets in Resources */ = {isa = PBXBuildFile; fileRef = 01761FD82CD19C86001791B3 /* Assets.xcassets */; };
		01761FDD2CD19E6F001791B3 /* WebKit.framework in Frameworks */ = {isa = PBXBuildFile; fileRef = 01761FDB2CD19E62001791B3 /* WebKit.framework */; };
		01F668D72CCEDA3600CFF5AB /* FetchRecipiesApp.swift in Sources */ = {isa = PBXBuildFile; fileRef = 01F668D62CCEDA3600CFF5AB /* FetchRecipiesApp.swift */; };
		01F668D92CCEDA3600CFF5AB /* ContentView.swift in Sources */ = {isa = PBXBuildFile; fileRef = 01F668D82CCEDA3600CFF5AB /* ContentView.swift */; };
		01F668EB2CCEDA3900CFF5AB /* FetchRecipiesTests.swift in Sources */ = {isa = PBXBuildFile; fileRef = 01F668EA2CCEDA3900CFF5AB /* FetchRecipiesTests.swift */; };
		01F668F52CCEDA3900CFF5AB /* FetchRecipiesUITests.swift in Sources */ = {isa = PBXBuildFile; fileRef = 01F668F42CCEDA3900CFF5AB /* FetchRecipiesUITests.swift */; };
		01F668F72CCEDA3900CFF5AB /* FetchRecipiesUITestsLaunchTests.swift in Sources */ = {isa = PBXBuildFile; fileRef = 01F668F62CCEDA3900CFF5AB /* FetchRecipiesUITestsLaunchTests.swift */; };
		01F669042CD0035600CFF5AB /* Recipe.swift in Sources */ = {isa = PBXBuildFile; fileRef = 01F669032CD0035600CFF5AB /* Recipe.swift */; };
		01F669082CD0045300CFF5AB /* RecipeListViewModel.swift in Sources */ = {isa = PBXBuildFile; fileRef = 01F669072CD0045300CFF5AB /* RecipeListViewModel.swift */; };
/* End PBXBuildFile section */

/* Begin PBXContainerItemProxy section */
		01F668E72CCEDA3900CFF5AB /* PBXContainerItemProxy */ = {
			isa = PBXContainerItemProxy;
			containerPortal = 01F668CB2CCEDA3600CFF5AB /* Project object */;
			proxyType = 1;
			remoteGlobalIDString = 01F668D22CCEDA3600CFF5AB;
			remoteInfo = FetchRecipies;
		};
		01F668F12CCEDA3900CFF5AB /* PBXContainerItemProxy */ = {
			isa = PBXContainerItemProxy;
			containerPortal = 01F668CB2CCEDA3600CFF5AB /* Project object */;
			proxyType = 1;
			remoteGlobalIDString = 01F668D22CCEDA3600CFF5AB;
			remoteInfo = FetchRecipies;
		};
/* End PBXContainerItemProxy section */

/* Begin PBXFileReference section */
		01761FB92CD048E3001791B3 /* Preview Assets.xcassets */ = {isa = PBXFileReference; lastKnownFileType = folder.assetcatalog; path = "Preview Assets.xcassets"; sourceTree = "<group>"; };
		01761FBE2CD05E42001791B3 /* ErrorView.swift */ = {isa = PBXFileReference; lastKnownFileType = sourcecode.swift; path = ErrorView.swift; sourceTree = "<group>"; };
		01761FC02CD05E5D001791B3 /* EmptyStateView.swift */ = {isa = PBXFileReference; lastKnownFileType = sourcecode.swift; path = EmptyStateView.swift; sourceTree = "<group>"; };
		01761FC22CD05E88001791B3 /* RecipeError.swift */ = {isa = PBXFileReference; lastKnownFileType = sourcecode.swift; path = RecipeError.swift; sourceTree = "<group>"; };
		01761FC42CD05E98001791B3 /* RecipeDataSource.swift */ = {isa = PBXFileReference; lastKnownFileType = sourcecode.swift; path = RecipeDataSource.swift; sourceTree = "<group>"; };
		01761FCA2CD0904E001791B3 /* CuisineFilterView.swift */ = {isa = PBXFileReference; lastKnownFileType = sourcecode.swift; path = CuisineFilterView.swift; sourceTree = "<group>"; };
		01761FD62CD136C7001791B3 /* RecipeListView.swift */ = {isa = PBXFileReference; lastKnownFileType = sourcecode.swift; path = RecipeListView.swift; sourceTree = "<group>"; };
		01761FD82CD19C86001791B3 /* Assets.xcassets */ = {isa = PBXFileReference; lastKnownFileType = folder.assetcatalog; name = Assets.xcassets; path = ../../testapp/testapp/Assets.xcassets; sourceTree = "<group>"; };
		01761FDB2CD19E62001791B3 /* WebKit.framework */ = {isa = PBXFileReference; lastKnownFileType = wrapper.framework; name = WebKit.framework; path = Platforms/iPhoneOS.platform/Developer/SDKs/iPhoneOS17.5.sdk/System/Library/Frameworks/WebKit.framework; sourceTree = DEVELOPER_DIR; };
		01F668D32CCEDA3600CFF5AB /* FetchRecipies.app */ = {isa = PBXFileReference; explicitFileType = wrapper.application; includeInIndex = 0; path = FetchRecipies.app; sourceTree = BUILT_PRODUCTS_DIR; };
		01F668D62CCEDA3600CFF5AB /* FetchRecipiesApp.swift */ = {isa = PBXFileReference; lastKnownFileType = sourcecode.swift; path = FetchRecipiesApp.swift; sourceTree = "<group>"; };
		01F668D82CCEDA3600CFF5AB /* ContentView.swift */ = {isa = PBXFileReference; lastKnownFileType = sourcecode.swift; path = ContentView.swift; sourceTree = "<group>"; };
		01F668DE2CCEDA3900CFF5AB /* FetchRecipies.entitlements */ = {isa = PBXFileReference; lastKnownFileType = text.plist.entitlements; path = FetchRecipies.entitlements; sourceTree = "<group>"; };
		01F668E62CCEDA3900CFF5AB /* FetchRecipiesTests.xctest */ = {isa = PBXFileReference; explicitFileType = wrapper.cfbundle; includeInIndex = 0; path = FetchRecipiesTests.xctest; sourceTree = BUILT_PRODUCTS_DIR; };
		01F668EA2CCEDA3900CFF5AB /* FetchRecipiesTests.swift */ = {isa = PBXFileReference; lastKnownFileType = sourcecode.swift; path = FetchRecipiesTests.swift; sourceTree = "<group>"; };
		01F668F02CCEDA3900CFF5AB /* FetchRecipiesUITests.xctest */ = {isa = PBXFileReference; explicitFileType = wrapper.cfbundle; includeInIndex = 0; path = FetchRecipiesUITests.xctest; sourceTree = BUILT_PRODUCTS_DIR; };
		01F668F42CCEDA3900CFF5AB /* FetchRecipiesUITests.swift */ = {isa = PBXFileReference; lastKnownFileType = sourcecode.swift; path = FetchRecipiesUITests.swift; sourceTree = "<group>"; };
		01F668F62CCEDA3900CFF5AB /* FetchRecipiesUITestsLaunchTests.swift */ = {isa = PBXFileReference; lastKnownFileType = sourcecode.swift; path = FetchRecipiesUITestsLaunchTests.swift; sourceTree = "<group>"; };
		01F669032CD0035600CFF5AB /* Recipe.swift */ = {isa = PBXFileReference; lastKnownFileType = sourcecode.swift; path = Recipe.swift; sourceTree = "<group>"; };
		01F669072CD0045300CFF5AB /* RecipeListViewModel.swift */ = {isa = PBXFileReference; lastKnownFileType = sourcecode.swift; path = RecipeListViewModel.swift; sourceTree = "<group>"; };
/* End PBXFileReference section */

/* Begin PBXFrameworksBuildPhase section */
		01F668D02CCEDA3600CFF5AB /* Frameworks */ = {
			isa = PBXFrameworksBuildPhase;
			buildActionMask = 2147483647;
			files = (
				01761FD22CD1310B001791B3 /* SDWebImageSwiftUI in Frameworks */,
				01761FC92CD06014001791B3 /* YouTubePlayerKit in Frameworks */,
				01761FDD2CD19E6F001791B3 /* WebKit.framework in Frameworks */,
			);
			runOnlyForDeploymentPostprocessing = 0;
		};
		01F668E32CCEDA3900CFF5AB /* Frameworks */ = {
			isa = PBXFrameworksBuildPhase;
			buildActionMask = 2147483647;
			files = (
			);
			runOnlyForDeploymentPostprocessing = 0;
		};
		01F668ED2CCEDA3900CFF5AB /* Frameworks */ = {
			isa = PBXFrameworksBuildPhase;
			buildActionMask = 2147483647;
			files = (
			);
			runOnlyForDeploymentPostprocessing = 0;
		};
/* End PBXFrameworksBuildPhase section */

/* Begin PBXGroup section */
		01761FBA2CD048E3001791B3 /* Preview Content */ = {
			isa = PBXGroup;
			children = (
				01761FB92CD048E3001791B3 /* Preview Assets.xcassets */,
			);
			name = "Preview Content";
			path = "../../testapp/testapp/Preview Content";
			sourceTree = "<group>";
		};
		01761FBC2CD053F3001791B3 /* Views */ = {
			isa = PBXGroup;
			children = (
				01F668D82CCEDA3600CFF5AB /* ContentView.swift */,
				01761FD62CD136C7001791B3 /* RecipeListView.swift */,
				01761FBD2CD054F5001791B3 /* Components */,
			);
			path = Views;
			sourceTree = "<group>";
		};
		01761FBD2CD054F5001791B3 /* Components */ = {
			isa = PBXGroup;
			children = (
				01761FBE2CD05E42001791B3 /* ErrorView.swift */,
				01761FC02CD05E5D001791B3 /* EmptyStateView.swift */,
				01761FCA2CD0904E001791B3 /* CuisineFilterView.swift */,
			);
			path = Components;
			sourceTree = "<group>";
		};
		01761FC62CD05EB4001791B3 /* Enums */ = {
			isa = PBXGroup;
			children = (
				01761FC22CD05E88001791B3 /* RecipeError.swift */,
				01761FC42CD05E98001791B3 /* RecipeDataSource.swift */,
			);
			path = Enums;
			sourceTree = "<group>";
		};
		01761FCC2CD12BBC001791B3 /* ViewModels */ = {
			isa = PBXGroup;
			children = (
				01F669072CD0045300CFF5AB /* RecipeListViewModel.swift */,
			);
			path = ViewModels;
			sourceTree = "<group>";
		};
		01761FDA2CD19E62001791B3 /* Frameworks */ = {
			isa = PBXGroup;
			children = (
				01761FDB2CD19E62001791B3 /* WebKit.framework */,
			);
			name = Frameworks;
			sourceTree = "<group>";
		};
		01F668CA2CCEDA3600CFF5AB = {
			isa = PBXGroup;
			children = (
				01F668D52CCEDA3600CFF5AB /* FetchRecipies */,
				01F668E92CCEDA3900CFF5AB /* FetchRecipiesTests */,
				01F668F32CCEDA3900CFF5AB /* FetchRecipiesUITests */,
				01F668D42CCEDA3600CFF5AB /* Products */,
				01761FDA2CD19E62001791B3 /* Frameworks */,
			);
			sourceTree = "<group>";
		};
		01F668D42CCEDA3600CFF5AB /* Products */ = {
			isa = PBXGroup;
			children = (
				01F668D32CCEDA3600CFF5AB /* FetchRecipies.app */,
				01F668E62CCEDA3900CFF5AB /* FetchRecipiesTests.xctest */,
				01F668F02CCEDA3900CFF5AB /* FetchRecipiesUITests.xctest */,
			);
			name = Products;
			sourceTree = "<group>";
		};
		01F668D52CCEDA3600CFF5AB /* FetchRecipies */ = {
			isa = PBXGroup;
			children = (
				01F668D62CCEDA3600CFF5AB /* FetchRecipiesApp.swift */,
				01761FBC2CD053F3001791B3 /* Views */,
				01761FCC2CD12BBC001791B3 /* ViewModels */,
				01F6690B2CD011A500CFF5AB /* Models */,
				01F668DE2CCEDA3900CFF5AB /* FetchRecipies.entitlements */,
				01761FD82CD19C86001791B3 /* Assets.xcassets */,
				01761FBA2CD048E3001791B3 /* Preview Content */,
			);
			path = FetchRecipies;
			sourceTree = "<group>";
		};
		01F668E92CCEDA3900CFF5AB /* FetchRecipiesTests */ = {
			isa = PBXGroup;
			children = (
				01F668EA2CCEDA3900CFF5AB /* FetchRecipiesTests.swift */,
			);
			path = FetchRecipiesTests;
			sourceTree = "<group>";
		};
		01F668F32CCEDA3900CFF5AB /* FetchRecipiesUITests */ = {
			isa = PBXGroup;
			children = (
				01F668F42CCEDA3900CFF5AB /* FetchRecipiesUITests.swift */,
				01F668F62CCEDA3900CFF5AB /* FetchRecipiesUITestsLaunchTests.swift */,
			);
			path = FetchRecipiesUITests;
			sourceTree = "<group>";
		};
		01F6690B2CD011A500CFF5AB /* Models */ = {
			isa = PBXGroup;
			children = (
				01761FC62CD05EB4001791B3 /* Enums */,
				01F669032CD0035600CFF5AB /* Recipe.swift */,
			);
			path = Models;
			sourceTree = "<group>";
		};
/* End PBXGroup section */

/* Begin PBXNativeTarget section */
		01F668D22CCEDA3600CFF5AB /* FetchRecipies */ = {
			isa = PBXNativeTarget;
			buildConfigurationList = 01F668FA2CCEDA3900CFF5AB /* Build configuration list for PBXNativeTarget "FetchRecipies" */;
			buildPhases = (
				01F668CF2CCEDA3600CFF5AB /* Sources */,
				01F668D02CCEDA3600CFF5AB /* Frameworks */,
				01F668D12CCEDA3600CFF5AB /* Resources */,
			);
			buildRules = (
			);
			dependencies = (
			);
			name = FetchRecipies;
			packageProductDependencies = (
				01761FC82CD06014001791B3 /* YouTubePlayerKit */,
				01761FD12CD1310B001791B3 /* SDWebImageSwiftUI */,
			);
			productName = FetchRecipies;
			productReference = 01F668D32CCEDA3600CFF5AB /* FetchRecipies.app */;
			productType = "com.apple.product-type.application";
		};
		01F668E52CCEDA3900CFF5AB /* FetchRecipiesTests */ = {
			isa = PBXNativeTarget;
			buildConfigurationList = 01F668FD2CCEDA3900CFF5AB /* Build configuration list for PBXNativeTarget "FetchRecipiesTests" */;
			buildPhases = (
				01F668E22CCEDA3900CFF5AB /* Sources */,
				01F668E32CCEDA3900CFF5AB /* Frameworks */,
				01F668E42CCEDA3900CFF5AB /* Resources */,
			);
			buildRules = (
			);
			dependencies = (
				01F668E82CCEDA3900CFF5AB /* PBXTargetDependency */,
			);
			name = FetchRecipiesTests;
			productName = FetchRecipiesTests;
			productReference = 01F668E62CCEDA3900CFF5AB /* FetchRecipiesTests.xctest */;
			productType = "com.apple.product-type.bundle.unit-test";
		};
		01F668EF2CCEDA3900CFF5AB /* FetchRecipiesUITests */ = {
			isa = PBXNativeTarget;
			buildConfigurationList = 01F669002CCEDA3900CFF5AB /* Build configuration list for PBXNativeTarget "FetchRecipiesUITests" */;
			buildPhases = (
				01F668EC2CCEDA3900CFF5AB /* Sources */,
				01F668ED2CCEDA3900CFF5AB /* Frameworks */,
				01F668EE2CCEDA3900CFF5AB /* Resources */,
			);
			buildRules = (
			);
			dependencies = (
				01F668F22CCEDA3900CFF5AB /* PBXTargetDependency */,
			);
			name = FetchRecipiesUITests;
			productName = FetchRecipiesUITests;
			productReference = 01F668F02CCEDA3900CFF5AB /* FetchRecipiesUITests.xctest */;
			productType = "com.apple.product-type.bundle.ui-testing";
		};
/* End PBXNativeTarget section */

/* Begin PBXProject section */
		01F668CB2CCEDA3600CFF5AB /* Project object */ = {
			isa = PBXProject;
			attributes = {
				BuildIndependentTargetsInParallel = 1;
				LastSwiftUpdateCheck = 1540;
				LastUpgradeCheck = 1540;
				TargetAttributes = {
					01F668D22CCEDA3600CFF5AB = {
						CreatedOnToolsVersion = 15.4;
					};
					01F668E52CCEDA3900CFF5AB = {
						CreatedOnToolsVersion = 15.4;
						TestTargetID = 01F668D22CCEDA3600CFF5AB;
					};
					01F668EF2CCEDA3900CFF5AB = {
						CreatedOnToolsVersion = 15.4;
						TestTargetID = 01F668D22CCEDA3600CFF5AB;
					};
				};
			};
			buildConfigurationList = 01F668CE2CCEDA3600CFF5AB /* Build configuration list for PBXProject "FetchRecipies" */;
			compatibilityVersion = "Xcode 14.0";
			developmentRegion = en;
			hasScannedForEncodings = 0;
			knownRegions = (
				en,
				Base,
			);
			mainGroup = 01F668CA2CCEDA3600CFF5AB;
			packageReferences = (
				01761FC72CD06014001791B3 /* XCRemoteSwiftPackageReference "YouTubePlayerKit" */,
				01761FD02CD1310B001791B3 /* XCRemoteSwiftPackageReference "SDWebImageSwiftUI" */,
			);
			productRefGroup = 01F668D42CCEDA3600CFF5AB /* Products */;
			projectDirPath = "";
			projectRoot = "";
			targets = (
				01F668D22CCEDA3600CFF5AB /* FetchRecipies */,
				01F668E52CCEDA3900CFF5AB /* FetchRecipiesTests */,
				01F668EF2CCEDA3900CFF5AB /* FetchRecipiesUITests */,
			);
		};
/* End PBXProject section */

/* Begin PBXResourcesBuildPhase section */
		01F668D12CCEDA3600CFF5AB /* Resources */ = {
			isa = PBXResourcesBuildPhase;
			buildActionMask = 2147483647;
			files = (
				01761FD92CD19C86001791B3 /* Assets.xcassets in Resources */,
				01761FBB2CD048E3001791B3 /* Preview Assets.xcassets in Resources */,
			);
			runOnlyForDeploymentPostprocessing = 0;
		};
		01F668E42CCEDA3900CFF5AB /* Resources */ = {
			isa = PBXResourcesBuildPhase;
			buildActionMask = 2147483647;
			files = (
			);
			runOnlyForDeploymentPostprocessing = 0;
		};
		01F668EE2CCEDA3900CFF5AB /* Resources */ = {
			isa = PBXResourcesBuildPhase;
			buildActionMask = 2147483647;
			files = (
			);
			runOnlyForDeploymentPostprocessing = 0;
		};
/* End PBXResourcesBuildPhase section */

/* Begin PBXSourcesBuildPhase section */
		01F668CF2CCEDA3600CFF5AB /* Sources */ = {
			isa = PBXSourcesBuildPhase;
			buildActionMask = 2147483647;
			files = (
				01761FC52CD05E98001791B3 /* RecipeDataSource.swift in Sources */,
				01761FBF2CD05E42001791B3 /* ErrorView.swift in Sources */,
				01761FD72CD136C7001791B3 /* RecipeListView.swift in Sources */,
				01F668D92CCEDA3600CFF5AB /* ContentView.swift in Sources */,
				01F668D72CCEDA3600CFF5AB /* FetchRecipiesApp.swift in Sources */,
				01F669082CD0045300CFF5AB /* RecipeListViewModel.swift in Sources */,
				01F669042CD0035600CFF5AB /* Recipe.swift in Sources */,
				01761FCB2CD0904E001791B3 /* CuisineFilterView.swift in Sources */,
				01761FC32CD05E88001791B3 /* RecipeError.swift in Sources */,
				01761FC12CD05E5D001791B3 /* EmptyStateView.swift in Sources */,
			);
			runOnlyForDeploymentPostprocessing = 0;
		};
		01F668E22CCEDA3900CFF5AB /* Sources */ = {
			isa = PBXSourcesBuildPhase;
			buildActionMask = 2147483647;
			files = (
				01F668EB2CCEDA3900CFF5AB /* FetchRecipiesTests.swift in Sources */,
			);
			runOnlyForDeploymentPostprocessing = 0;
		};
		01F668EC2CCEDA3900CFF5AB /* Sources */ = {
			isa = PBXSourcesBuildPhase;
			buildActionMask = 2147483647;
			files = (
				01F668F52CCEDA3900CFF5AB /* FetchRecipiesUITests.swift in Sources */,
				01F668F72CCEDA3900CFF5AB /* FetchRecipiesUITestsLaunchTests.swift in Sources */,
			);
			runOnlyForDeploymentPostprocessing = 0;
		};
/* End PBXSourcesBuildPhase section */

/* Begin PBXTargetDependency section */
		01F668E82CCEDA3900CFF5AB /* PBXTargetDependency */ = {
			isa = PBXTargetDependency;
			target = 01F668D22CCEDA3600CFF5AB /* FetchRecipies */;
			targetProxy = 01F668E72CCEDA3900CFF5AB /* PBXContainerItemProxy */;
		};
		01F668F22CCEDA3900CFF5AB /* PBXTargetDependency */ = {
			isa = PBXTargetDependency;
			target = 01F668D22CCEDA3600CFF5AB /* FetchRecipies */;
			targetProxy = 01F668F12CCEDA3900CFF5AB /* PBXContainerItemProxy */;
		};
/* End PBXTargetDependency section */

/* Begin XCBuildConfiguration section */
		01F668F82CCEDA3900CFF5AB /* Debug */ = {
			isa = XCBuildConfiguration;
			buildSettings = {
				ALWAYS_SEARCH_USER_PATHS = NO;
				ASSETCATALOG_COMPILER_GENERATE_SWIFT_ASSET_SYMBOL_EXTENSIONS = YES;
				CLANG_ANALYZER_NONNULL = YES;
				CLANG_ANALYZER_NUMBER_OBJECT_CONVERSION = YES_AGGRESSIVE;
				CLANG_CXX_LANGUAGE_STANDARD = "gnu++20";
				CLANG_ENABLE_MODULES = YES;
				CLANG_ENABLE_OBJC_ARC = YES;
				CLANG_ENABLE_OBJC_WEAK = YES;
				CLANG_WARN_BLOCK_CAPTURE_AUTORELEASING = YES;
				CLANG_WARN_BOOL_CONVERSION = YES;
				CLANG_WARN_COMMA = YES;
				CLANG_WARN_CONSTANT_CONVERSION = YES;
				CLANG_WARN_DEPRECATED_OBJC_IMPLEMENTATIONS = YES;
				CLANG_WARN_DIRECT_OBJC_ISA_USAGE = YES_ERROR;
				CLANG_WARN_DOCUMENTATION_COMMENTS = YES;
				CLANG_WARN_EMPTY_BODY = YES;
				CLANG_WARN_ENUM_CONVERSION = YES;
				CLANG_WARN_INFINITE_RECURSION = YES;
				CLANG_WARN_INT_CONVERSION = YES;
				CLANG_WARN_NON_LITERAL_NULL_CONVERSION = YES;
				CLANG_WARN_OBJC_IMPLICIT_RETAIN_SELF = YES;
				CLANG_WARN_OBJC_LITERAL_CONVERSION = YES;
				CLANG_WARN_OBJC_ROOT_CLASS = YES_ERROR;
				CLANG_WARN_QUOTED_INCLUDE_IN_FRAMEWORK_HEADER = YES;
				CLANG_WARN_RANGE_LOOP_ANALYSIS = YES;
				CLANG_WARN_STRICT_PROTOTYPES = YES;
				CLANG_WARN_SUSPICIOUS_MOVE = YES;
				CLANG_WARN_UNGUARDED_AVAILABILITY = YES_AGGRESSIVE;
				CLANG_WARN_UNREACHABLE_CODE = YES;
				CLANG_WARN__DUPLICATE_METHOD_MATCH = YES;
				COPY_PHASE_STRIP = NO;
				DEBUG_INFORMATION_FORMAT = dwarf;
				ENABLE_STRICT_OBJC_MSGSEND = YES;
				ENABLE_TESTABILITY = YES;
				ENABLE_USER_SCRIPT_SANDBOXING = YES;
				GCC_C_LANGUAGE_STANDARD = gnu17;
				GCC_DYNAMIC_NO_PIC = NO;
				GCC_NO_COMMON_BLOCKS = YES;
				GCC_OPTIMIZATION_LEVEL = 0;
				GCC_PREPROCESSOR_DEFINITIONS = (
					"DEBUG=1",
					"$(inherited)",
				);
				GCC_WARN_64_TO_32_BIT_CONVERSION = YES;
				GCC_WARN_ABOUT_RETURN_TYPE = YES_ERROR;
				GCC_WARN_UNDECLARED_SELECTOR = YES;
				GCC_WARN_UNINITIALIZED_AUTOS = YES_AGGRESSIVE;
				GCC_WARN_UNUSED_FUNCTION = YES;
				GCC_WARN_UNUSED_VARIABLE = YES;
				LOCALIZATION_PREFERS_STRING_CATALOGS = YES;
				MTL_ENABLE_DEBUG_INFO = INCLUDE_SOURCE;
				MTL_FAST_MATH = YES;
				ONLY_ACTIVE_ARCH = YES;
				SWIFT_ACTIVE_COMPILATION_CONDITIONS = "DEBUG $(inherited)";
				SWIFT_OPTIMIZATION_LEVEL = "-Onone";
			};
			name = Debug;
		};
		01F668F92CCEDA3900CFF5AB /* Release */ = {
			isa = XCBuildConfiguration;
			buildSettings = {
				ALWAYS_SEARCH_USER_PATHS = NO;
				ASSETCATALOG_COMPILER_GENERATE_SWIFT_ASSET_SYMBOL_EXTENSIONS = YES;
				CLANG_ANALYZER_NONNULL = YES;
				CLANG_ANALYZER_NUMBER_OBJECT_CONVERSION = YES_AGGRESSIVE;
				CLANG_CXX_LANGUAGE_STANDARD = "gnu++20";
				CLANG_ENABLE_MODULES = YES;
				CLANG_ENABLE_OBJC_ARC = YES;
				CLANG_ENABLE_OBJC_WEAK = YES;
				CLANG_WARN_BLOCK_CAPTURE_AUTORELEASING = YES;
				CLANG_WARN_BOOL_CONVERSION = YES;
				CLANG_WARN_COMMA = YES;
				CLANG_WARN_CONSTANT_CONVERSION = YES;
				CLANG_WARN_DEPRECATED_OBJC_IMPLEMENTATIONS = YES;
				CLANG_WARN_DIRECT_OBJC_ISA_USAGE = YES_ERROR;
				CLANG_WARN_DOCUMENTATION_COMMENTS = YES;
				CLANG_WARN_EMPTY_BODY = YES;
				CLANG_WARN_ENUM_CONVERSION = YES;
				CLANG_WARN_INFINITE_RECURSION = YES;
				CLANG_WARN_INT_CONVERSION = YES;
				CLANG_WARN_NON_LITERAL_NULL_CONVERSION = YES;
				CLANG_WARN_OBJC_IMPLICIT_RETAIN_SELF = YES;
				CLANG_WARN_OBJC_LITERAL_CONVERSION = YES;
				CLANG_WARN_OBJC_ROOT_CLASS = YES_ERROR;
				CLANG_WARN_QUOTED_INCLUDE_IN_FRAMEWORK_HEADER = YES;
				CLANG_WARN_RANGE_LOOP_ANALYSIS = YES;
				CLANG_WARN_STRICT_PROTOTYPES = YES;
				CLANG_WARN_SUSPICIOUS_MOVE = YES;
				CLANG_WARN_UNGUARDED_AVAILABILITY = YES_AGGRESSIVE;
				CLANG_WARN_UNREACHABLE_CODE = YES;
				CLANG_WARN__DUPLICATE_METHOD_MATCH = YES;
				COPY_PHASE_STRIP = NO;
				DEBUG_INFORMATION_FORMAT = "dwarf-with-dsym";
				ENABLE_NS_ASSERTIONS = NO;
				ENABLE_STRICT_OBJC_MSGSEND = YES;
				ENABLE_USER_SCRIPT_SANDBOXING = YES;
				GCC_C_LANGUAGE_STANDARD = gnu17;
				GCC_NO_COMMON_BLOCKS = YES;
				GCC_WARN_64_TO_32_BIT_CONVERSION = YES;
				GCC_WARN_ABOUT_RETURN_TYPE = YES_ERROR;
				GCC_WARN_UNDECLARED_SELECTOR = YES;
				GCC_WARN_UNINITIALIZED_AUTOS = YES_AGGRESSIVE;
				GCC_WARN_UNUSED_FUNCTION = YES;
				GCC_WARN_UNUSED_VARIABLE = YES;
				LOCALIZATION_PREFERS_STRING_CATALOGS = YES;
				MTL_ENABLE_DEBUG_INFO = NO;
				MTL_FAST_MATH = YES;
				SWIFT_COMPILATION_MODE = wholemodule;
			};
			name = Release;
		};
		01F668FB2CCEDA3900CFF5AB /* Debug */ = {
			isa = XCBuildConfiguration;
			buildSettings = {
				ASSETCATALOG_COMPILER_APPICON_NAME = AppIcon;
				ASSETCATALOG_COMPILER_GLOBAL_ACCENT_COLOR_NAME = AccentColor;
				CODE_SIGN_ENTITLEMENTS = FetchRecipies/FetchRecipies.entitlements;
				CODE_SIGN_STYLE = Automatic;
				CURRENT_PROJECT_VERSION = 1;
				DEVELOPMENT_ASSET_PATHS = "\"FetchRecipies/Preview Content\"";
				ENABLE_PREVIEWS = YES;
				GENERATE_INFOPLIST_FILE = YES;
				"INFOPLIST_KEY_UIApplicationSceneManifest_Generation[sdk=iphoneos*]" = YES;
				"INFOPLIST_KEY_UIApplicationSceneManifest_Generation[sdk=iphonesimulator*]" = YES;
				"INFOPLIST_KEY_UIApplicationSupportsIndirectInputEvents[sdk=iphoneos*]" = YES;
				"INFOPLIST_KEY_UIApplicationSupportsIndirectInputEvents[sdk=iphonesimulator*]" = YES;
				"INFOPLIST_KEY_UILaunchScreen_Generation[sdk=iphoneos*]" = YES;
				"INFOPLIST_KEY_UILaunchScreen_Generation[sdk=iphonesimulator*]" = YES;
				"INFOPLIST_KEY_UIStatusBarStyle[sdk=iphoneos*]" = UIStatusBarStyleDefault;
				"INFOPLIST_KEY_UIStatusBarStyle[sdk=iphonesimulator*]" = UIStatusBarStyleDefault;
				INFOPLIST_KEY_UISupportedInterfaceOrientations_iPad = "UIInterfaceOrientationPortrait UIInterfaceOrientationPortraitUpsideDown UIInterfaceOrientationLandscapeLeft UIInterfaceOrientationLandscapeRight";
				INFOPLIST_KEY_UISupportedInterfaceOrientations_iPhone = "UIInterfaceOrientationPortrait UIInterfaceOrientationLandscapeLeft UIInterfaceOrientationLandscapeRight";
				IPHONEOS_DEPLOYMENT_TARGET = 17.5;
				LD_RUNPATH_SEARCH_PATHS = "@executable_path/Frameworks";
				"LD_RUNPATH_SEARCH_PATHS[sdk=macosx*]" = "@executable_path/../Frameworks";
				MACOSX_DEPLOYMENT_TARGET = 14.0;
				MARKETING_VERSION = 1.0;
				PRODUCT_BUNDLE_IDENTIFIER = com.Boleky.FetchRecipies;
				PRODUCT_NAME = "$(TARGET_NAME)";
				SDKROOT = auto;
				SUPPORTED_PLATFORMS = "iphoneos iphonesimulator macosx";
				SWIFT_EMIT_LOC_STRINGS = YES;
				SWIFT_VERSION = 5.0;
				TARGETED_DEVICE_FAMILY = "1,2";
			};
			name = Debug;
		};
		01F668FC2CCEDA3900CFF5AB /* Release */ = {
			isa = XCBuildConfiguration;
			buildSettings = {
				ASSETCATALOG_COMPILER_APPICON_NAME = AppIcon;
				ASSETCATALOG_COMPILER_GLOBAL_ACCENT_COLOR_NAME = AccentColor;
				CODE_SIGN_ENTITLEMENTS = FetchRecipies/FetchRecipies.entitlements;
				CODE_SIGN_STYLE = Automatic;
				CURRENT_PROJECT_VERSION = 1;
				DEVELOPMENT_ASSET_PATHS = "\"FetchRecipies/Preview Content\"";
				ENABLE_PREVIEWS = YES;
				GENERATE_INFOPLIST_FILE = YES;
				"INFOPLIST_KEY_UIApplicationSceneManifest_Generation[sdk=iphoneos*]" = YES;
				"INFOPLIST_KEY_UIApplicationSceneManifest_Generation[sdk=iphonesimulator*]" = YES;
				"INFOPLIST_KEY_UIApplicationSupportsIndirectInputEvents[sdk=iphoneos*]" = YES;
				"INFOPLIST_KEY_UIApplicationSupportsIndirectInputEvents[sdk=iphonesimulator*]" = YES;
				"INFOPLIST_KEY_UILaunchScreen_Generation[sdk=iphoneos*]" = YES;
				"INFOPLIST_KEY_UILaunchScreen_Generation[sdk=iphonesimulator*]" = YES;
				"INFOPLIST_KEY_UIStatusBarStyle[sdk=iphoneos*]" = UIStatusBarStyleDefault;
				"INFOPLIST_KEY_UIStatusBarStyle[sdk=iphonesimulator*]" = UIStatusBarStyleDefault;
				INFOPLIST_KEY_UISupportedInterfaceOrientations_iPad = "UIInterfaceOrientationPortrait UIInterfaceOrientationPortraitUpsideDown UIInterfaceOrientationLandscapeLeft UIInterfaceOrientationLandscapeRight";
				INFOPLIST_KEY_UISupportedInterfaceOrientations_iPhone = "UIInterfaceOrientationPortrait UIInterfaceOrientationLandscapeLeft UIInterfaceOrientationLandscapeRight";
				IPHONEOS_DEPLOYMENT_TARGET = 17.5;
				LD_RUNPATH_SEARCH_PATHS = "@executable_path/Frameworks";
				"LD_RUNPATH_SEARCH_PATHS[sdk=macosx*]" = "@executable_path/../Frameworks";
				MACOSX_DEPLOYMENT_TARGET = 14.0;
				MARKETING_VERSION = 1.0;
				PRODUCT_BUNDLE_IDENTIFIER = com.Boleky.FetchRecipies;
				PRODUCT_NAME = "$(TARGET_NAME)";
				SDKROOT = auto;
				SUPPORTED_PLATFORMS = "iphoneos iphonesimulator macosx";
				SWIFT_EMIT_LOC_STRINGS = YES;
				SWIFT_VERSION = 5.0;
				TARGETED_DEVICE_FAMILY = "1,2";
			};
			name = Release;
		};
		01F668FE2CCEDA3900CFF5AB /* Debug */ = {
			isa = XCBuildConfiguration;
			buildSettings = {
				ALWAYS_EMBED_SWIFT_STANDARD_LIBRARIES = YES;
				BUNDLE_LOADER = "$(TEST_HOST)";
				CODE_SIGN_STYLE = Automatic;
				CURRENT_PROJECT_VERSION = 1;
				GENERATE_INFOPLIST_FILE = YES;
				IPHONEOS_DEPLOYMENT_TARGET = 17.5;
				MACOSX_DEPLOYMENT_TARGET = 14.5;
				MARKETING_VERSION = 1.0;
				PRODUCT_BUNDLE_IDENTIFIER = com.Boleky.FetchRecipiesTests;
				PRODUCT_NAME = "$(TARGET_NAME)";
				SDKROOT = auto;
				SUPPORTED_PLATFORMS = "iphoneos iphonesimulator macosx";
				SWIFT_EMIT_LOC_STRINGS = NO;
				SWIFT_VERSION = 5.0;
				TARGETED_DEVICE_FAMILY = "1,2";
				TEST_HOST = "$(BUILT_PRODUCTS_DIR)/FetchRecipies.app/$(BUNDLE_EXECUTABLE_FOLDER_PATH)/FetchRecipies";
			};
			name = Debug;
		};
		01F668FF2CCEDA3900CFF5AB /* Release */ = {
			isa = XCBuildConfiguration;
			buildSettings = {
				ALWAYS_EMBED_SWIFT_STANDARD_LIBRARIES = YES;
				BUNDLE_LOADER = "$(TEST_HOST)";
				CODE_SIGN_STYLE = Automatic;
				CURRENT_PROJECT_VERSION = 1;
				GENERATE_INFOPLIST_FILE = YES;
				IPHONEOS_DEPLOYMENT_TARGET = 17.5;
				MACOSX_DEPLOYMENT_TARGET = 14.5;
				MARKETING_VERSION = 1.0;
				PRODUCT_BUNDLE_IDENTIFIER = com.Boleky.FetchRecipiesTests;
				PRODUCT_NAME = "$(TARGET_NAME)";
				SDKROOT = auto;
				SUPPORTED_PLATFORMS = "iphoneos iphonesimulator macosx";
				SWIFT_EMIT_LOC_STRINGS = NO;
				SWIFT_VERSION = 5.0;
				TARGETED_DEVICE_FAMILY = "1,2";
				TEST_HOST = "$(BUILT_PRODUCTS_DIR)/FetchRecipies.app/$(BUNDLE_EXECUTABLE_FOLDER_PATH)/FetchRecipies";
			};
			name = Release;
		};
		01F669012CCEDA3900CFF5AB /* Debug */ = {
			isa = XCBuildConfiguration;
			buildSettings = {
				ALWAYS_EMBED_SWIFT_STANDARD_LIBRARIES = YES;
				CODE_SIGN_STYLE = Automatic;
				CURRENT_PROJECT_VERSION = 1;
				GENERATE_INFOPLIST_FILE = YES;
				IPHONEOS_DEPLOYMENT_TARGET = 17.5;
				MACOSX_DEPLOYMENT_TARGET = 14.5;
				MARKETING_VERSION = 1.0;
				PRODUCT_BUNDLE_IDENTIFIER = com.Boleky.FetchRecipiesUITests;
				PRODUCT_NAME = "$(TARGET_NAME)";
				SDKROOT = auto;
				SUPPORTED_PLATFORMS = "iphoneos iphonesimulator macosx";
				SWIFT_EMIT_LOC_STRINGS = NO;
				SWIFT_VERSION = 5.0;
				TARGETED_DEVICE_FAMILY = "1,2";
				TEST_TARGET_NAME = FetchRecipies;
			};
			name = Debug;
		};
		01F669022CCEDA3900CFF5AB /* Release */ = {
			isa = XCBuildConfiguration;
			buildSettings = {
				ALWAYS_EMBED_SWIFT_STANDARD_LIBRARIES = YES;
				CODE_SIGN_STYLE = Automatic;
				CURRENT_PROJECT_VERSION = 1;
				GENERATE_INFOPLIST_FILE = YES;
				IPHONEOS_DEPLOYMENT_TARGET = 17.5;
				MACOSX_DEPLOYMENT_TARGET = 14.5;
				MARKETING_VERSION = 1.0;
				PRODUCT_BUNDLE_IDENTIFIER = com.Boleky.FetchRecipiesUITests;
				PRODUCT_NAME = "$(TARGET_NAME)";
				SDKROOT = auto;
				SUPPORTED_PLATFORMS = "iphoneos iphonesimulator macosx";
				SWIFT_EMIT_LOC_STRINGS = NO;
				SWIFT_VERSION = 5.0;
				TARGETED_DEVICE_FAMILY = "1,2";
				TEST_TARGET_NAME = FetchRecipies;
			};
			name = Release;
		};
/* End XCBuildConfiguration section */

/* Begin XCConfigurationList section */
		01F668CE2CCEDA3600CFF5AB /* Build configuration list for PBXProject "FetchRecipies" */ = {
			isa = XCConfigurationList;
			buildConfigurations = (
				01F668F82CCEDA3900CFF5AB /* Debug */,
				01F668F92CCEDA3900CFF5AB /* Release */,
			);
			defaultConfigurationIsVisible = 0;
			defaultConfigurationName = Release;
		};
		01F668FA2CCEDA3900CFF5AB /* Build configuration list for PBXNativeTarget "FetchRecipies" */ = {
			isa = XCConfigurationList;
			buildConfigurations = (
				01F668FB2CCEDA3900CFF5AB /* Debug */,
				01F668FC2CCEDA3900CFF5AB /* Release */,
			);
			defaultConfigurationIsVisible = 0;
			defaultConfigurationName = Release;
		};
		01F668FD2CCEDA3900CFF5AB /* Build configuration list for PBXNativeTarget "FetchRecipiesTests" */ = {
			isa = XCConfigurationList;
			buildConfigurations = (
				01F668FE2CCEDA3900CFF5AB /* Debug */,
				01F668FF2CCEDA3900CFF5AB /* Release */,
			);
			defaultConfigurationIsVisible = 0;
			defaultConfigurationName = Release;
		};
		01F669002CCEDA3900CFF5AB /* Build configuration list for PBXNativeTarget "FetchRecipiesUITests" */ = {
			isa = XCConfigurationList;
			buildConfigurations = (
				01F669012CCEDA3900CFF5AB /* Debug */,
				01F669022CCEDA3900CFF5AB /* Release */,
			);
			defaultConfigurationIsVisible = 0;
			defaultConfigurationName = Release;
		};
/* End XCConfigurationList section */

/* Begin XCRemoteSwiftPackageReference section */
		01761FC72CD06014001791B3 /* XCRemoteSwiftPackageReference "YouTubePlayerKit" */ = {
			isa = XCRemoteSwiftPackageReference;
			repositoryURL = "https://github.com/SvenTiigi/YouTubePlayerKit.git";
			requirement = {
				kind = upToNextMajorVersion;
				minimumVersion = 1.9.0;
			};
		};
		01761FD02CD1310B001791B3 /* XCRemoteSwiftPackageReference "SDWebImageSwiftUI" */ = {
			isa = XCRemoteSwiftPackageReference;
			repositoryURL = "https://github.com/SDWebImage/SDWebImageSwiftUI";
			requirement = {
				kind = upToNextMajorVersion;
				minimumVersion = 3.1.2;
			};
		};
/* End XCRemoteSwiftPackageReference section */

/* Begin XCSwiftPackageProductDependency section */
		01761FC82CD06014001791B3 /* YouTubePlayerKit */ = {
			isa = XCSwiftPackageProductDependency;
			package = 01761FC72CD06014001791B3 /* XCRemoteSwiftPackageReference "YouTubePlayerKit" */;
			productName = YouTubePlayerKit;
		};
		01761FD12CD1310B001791B3 /* SDWebImageSwiftUI */ = {
			isa = XCSwiftPackageProductDependency;
			package = 01761FD02CD1310B001791B3 /* XCRemoteSwiftPackageReference "SDWebImageSwiftUI" */;
			productName = SDWebImageSwiftUI;
		};
/* End XCSwiftPackageProductDependency section */
	};
	rootObject = 01F668CB2CCEDA3600CFF5AB /* Project object */;
}
